{
  "lockfileVersion": 1,
  "configVersion": 1,
  "workspaces": {
    "": {
      "devDependencies": {
        "@typescript/native-preview": "^7.0.0-dev.20260502.1",
      },
    },
  },
  "packages": {
    "@typescript/native-preview": ["@typescript/native-preview@7.0.0-dev.20260502.1", "", { "optionalDependencies": { "@typescript/native-preview-darwin-arm64": "7.0.0-dev.20260502.1", "@typescript/native-preview-darwin-x64": "7.0.0-dev.20260502.1", "@typescript/native-preview-linux-arm": "7.0.0-dev.20260502.1", "@typescript/native-preview-linux-arm64": "7.0.0-dev.20260502.1", "@typescript/native-preview-linux-x64": "7.0.0-dev.20260502.1", "@typescript/native-preview-win32-arm64": "7.0.0-dev.20260502.1", "@typescript/native-preview-win32-x64": "7.0.0-dev.20260502.1" }, "bin": { "tsgo": "bin/tsgo.js" } }, "sha512-7G2S9N2HFA1L0Nug8shs3yHAq9yRrlJkc5wSeaCq5rPDdGbRU0hpb02Gti87Ulb3noqcJAkiStXm/H804dIu8Q=="],

    "@typescript/native-preview-darwin-arm64": ["@typescript/native-preview-darwin-arm64@7.0.0-dev.20260502.1", "", { "os": "darwin", "cpu": "arm64" }, "sha512-+usfUIAClShkS8U9YGeX4v3xq7082+Nm7V38llOHYM0YMoUgMvif8u3K44mMUund5LswKjMsFLp8m96mALf7cg=="],

    "@typescript/native-preview-darwin-x64": ["@typescript/native-preview-darwin-x64@7.0.0-dev.20260502.1", "", { "os": "darwin", "cpu": "x64" }, "sha512-OqBaydzqoRYJRyQjf7mgT/txw4lDuft1ZCODg/BYMVan0npVvaYFCL4Bc6q34Gpl+jpXjanjKawZIZ34mT15UA=="],

    "@typescript/native-preview-linux-arm": ["@typescript/native-preview-linux-arm@7.0.0-dev.20260502.1", "", { "os": "linux", "cpu": "arm" }, "sha512-YJ/a1Iro3wq6DRRF9zkEAwFCZON2HMeNOlG51gAEX7BBSi0NuCeQrhF1u6YGeY8b846802u6LmV91pQenI3Jmw=="],

    "@typescript/native-preview-linux-arm64": ["@typescript/native-preview-linux-arm64@7.0.0-dev.20260502.1", "", { "os": "linux", "cpu": "arm64" }, "sha512-RTmsZnsfACiJL/wDEaFkuYtFAlAH6i8sP/nK7OJMCoiXWD3KfGnvGkTKOIL8QiJ8MqyPP9bx2qxSUUdkXtp+Bw=="],

    "@typescript/native-preview-linux-x64": ["@typescript/native-preview-linux-x64@7.0.0-dev.20260502.1", "", { "os": "linux", "cpu": "x64" }, "sha512-h+8GWkKtprzYm+W3J9ZGNHNmtFuxVu5sG0+d5mbfWacjOJl6z3DCb2U9/mAbx28fqbvIO/CwSYPoKkP5D03Ppg=="],

    "@typescript/native-preview-win32-arm64": ["@typescript/native-preview-win32-arm64@7.0.0-dev.20260502.1", "", { "os": "win32", "cpu": "arm64" }, "sha512-3FU/YiNyILvs7chIUUDYTT3i3jxL1gegSPB+pKEhpgw+rxa6B9ZSobbYZN4tetBrzgFpfeCRe0ZgGVdPzxVq2A=="],

    "@typescript/native-preview-win32-x64": ["@typescript/native-preview-win32-x64@7.0.0-dev.20260502.1", "", { "os": "win32", "cpu": "x64" }, "sha512-7+0ii6rRk1Tr/r6a3TPdo5xLfPDwyGTqGBlOGbIwVI8cJ32FFcBNXtNVy14EU0zoS/EyQybGLe09U53G2hMFsw=="],
  }
}
